// !$*UTF8*$!
{
	archiveVersion = 1;
	classes = {
	};
	objectVersion = 46;
	objects = {

/* Begin PBXBuildFile section */
		541629B71F197EE900A31E0C /* AppDelegate.swift in Sources */ = {isa = PBXBuildFile; fileRef = 541629B61F197EE900A31E0C /* AppDelegate.swift */; };
		541629B91F197EE900A31E0C /* ViewController.swift in Sources */ = {isa = PBXBuildFile; fileRef = 541629B81F197EE900A31E0C /* ViewController.swift */; };
		541629BC1F197EE900A31E0C /* Main.storyboard in Resources */ = {isa = PBXBuildFile; fileRef = 541629BA1F197EE900A31E0C /* Main.storyboard */; };
		541629BF1F197EE900A31E0C /* ToDoList.xcdatamodeld in Sources */ = {isa = PBXBuildFile; fileRef = 541629BD1F197EE900A31E0C /* ToDoList.xcdatamodeld */; };
		541629C11F197EE900A31E0C /* Assets.xcassets in Resources */ = {isa = PBXBuildFile; fileRef = 541629C01F197EE900A31E0C /* Assets.xcassets */; };
		541629C41F197EE900A31E0C /* LaunchScreen.storyboard in Resources */ = {isa = PBXBuildFile; fileRef = 541629C21F197EE900A31E0C /* LaunchScreen.storyboard */; };
/* End PBXBuildFile section */

/* Begin PBXFileReference section */
		541629B31F197EE900A31E0C /* ToDoList.app */ = {isa = PBXFileReference; explicitFileType = wrapper.application; includeInIndex = 0; path = ToDoList.app; sourceTree = BUILT_PRODUCTS_DIR; };
		541629B61F197EE900A31E0C /* AppDelegate.swift */ = {isa = PBXFileReference; lastKnownFileType = sourcecode.swift; path = AppDelegate.swift; sourceTree = "<group>"; };
		541629B81F197EE900A31E0C /* ViewController.swift */ = {isa = PBXFileReference; lastKnownFileType = sourcecode.swift; path = ViewController.swift; sourceTree = "<group>"; };
		541629BB1F197EE900A31E0C /* Base */ = {isa = PBXFileReference; lastKnownFileType = file.storyboard; name = Base; path = Base.lproj/Main.storyboard; sourceTree = "<group>"; };
		541629BE1F197EE900A31E0C /* ToDoList.xcdatamodel */ = {isa = PBXFileReference; lastKnownFileType = wrapper.xcdatamodel; path = ToDoList.xcdatamodel; sourceTree = "<group>"; };
		541629C01F197EE900A31E0C /* Assets.xcassets */ = {isa = PBXFileReference; lastKnownFileType = folder.assetcatalog; path = Assets.xcassets; sourceTree = "<group>"; };
		541629C31F197EE900A31E0C /* Base */ = {isa = PBXFileReference; lastKnownFileType = file.storyboard; name = Base; path = Base.lproj/LaunchScreen.storyboard; sourceTree = "<group>"; };
		541629C51F197EE900A31E0C /* Info.plist */ = {isa = PBXFileReference; lastKnownFileType = text.plist.xml; path = Info.plist; sourceTree = "<group>"; };
/* End PBXFileReference section */

/* Begin PBXFrameworksBuildPhase section */
		541629B01F197EE900A31E0C /* Frameworks */ = {
			isa = PBXFrameworksBuildPhase;
			buildActionMask = 2147483647;
			files = (
			);
			runOnlyForDeploymentPostprocessing = 0;
		};
/* End PBXFrameworksBuildPhase section */

/* Begin PBXGroup section */
		541629AA1F197EE900A31E0C = {
			isa = PBXGroup;
			children = (
				541629B51F197EE900A31E0C /* ToDoList */,
				541629B41F197EE900A31E0C /* Products */,
			);
			sourceTree = "<group>";
		};
		541629B41F197EE900A31E0C /* Products */ = {
			isa = PBXGroup;
			children = (
				541629B31F197EE900A31E0C /* ToDoList.app */,
			);
			name = Products;
			sourceTree = "<group>";
		};
		541629B51F197EE900A31E0C /* ToDoList */ = {
			isa = PBXGroup;
			children = (
				541629B61F197EE900A31E0C /* AppDelegate.swift */,
				541629B81F197EE900A31E0C /* ViewController.swift */,
				541629BA1F197EE900A31E0C /* Main.storyboard */,
				541629C01F197EE900A31E0C /* Assets.xcassets */,
				541629C21F197EE900A31E0C /* LaunchScreen.storyboard */,
				541629C51F197EE900A31E0C /* Info.plist */,
				541629BD1F197EE900A31E0C /* ToDoList.xcdatamodeld */,
			);
			path = ToDoList;
			sourceTree = "<group>";
		};
/* End PBXGroup section */

/* Begin PBXNativeTarget section */
		541629B21F197EE900A31E0C /* ToDoList */ = {
			isa = PBXNativeTarget;
			buildConfigurationList = 541629C81F197EE900A31E0C /* Build configuration list for PBXNativeTarget "ToDoList" */;
			buildPhases = (
				541629AF1F197EE900A31E0C /* Sources */,
				541629B01F197EE900A31E0C /* Frameworks */,
				541629B11F197EE900A31E0C /* Resources */,
			);
			buildRules = (
			);
			dependencies = (
			);
			name = ToDoList;
			productName = ToDoList;
			productReference = 541629B31F197EE900A31E0C /* ToDoList.app */;
			productType = "com.apple.product-type.application";
		};
/* End PBXNativeTarget section */

/* Begin PBXProject section */
		541629AB1F197EE900A31E0C /* Project object */ = {
			isa = PBXProject;
			attributes = {
				LastSwiftUpdateCheck = 0830;
				LastUpgradeCheck = 0830;
				ORGANIZATIONNAME = "Seth Bishop";
				TargetAttributes = {
					541629B21F197EE900A31E0C = {
						CreatedOnToolsVersion = 8.3.3;
						DevelopmentTeam = NT777CYM8D;
						ProvisioningStyle = Automatic;
					};
				};
			};
			buildConfigurationList = 541629AE1F197EE900A31E0C /* Build configuration list for PBXProject "ToDoList" */;
			compatibilityVersion = "Xcode 3.2";
			developmentRegion = English;
			hasScannedForEncodings = 0;
			knownRegions = (
				en,
				Base,
			);
			mainGroup = 541629AA1F197EE900A31E0C;
			productRefGroup = 541629B41F197EE900A31E0C /* Products */;
			projectDirPath = "";
			projectRoot = "";
			targets = (
				541629B21F197EE900A31E0C /* ToDoList */,
			);
		};
/* End PBXProject section */

/* Begin PBXResourcesBuildPhase section */
		541629B11F197EE900A31E0C /* Resources */ = {
			isa = PBXResourcesBuildPhase;
			buildActionMask = 2147483647;
			files = (
				541629C41F197EE900A31E0C /* LaunchScreen.storyboard in Resources */,
				541629C11F197EE900A31E0C /* Assets.xcassets in Resources */,
				541629BC1F197EE900A31E0C /* Main.storyboard in Resources */,
			);
			runOnlyForDeploymentPostprocessing = 0;
		};
/* End PBXResourcesBuildPhase section */

/* Begin PBXSourcesBuildPhase section */
		541629AF1F197EE900A31E0C /* Sources */ = {
			isa = PBXSourcesBuildPhase;
			buildActionMask = 2147483647;
			files = (
				541629B91F197EE900A31E0C /* ViewController.swift in Sources */,
				541629BF1F197EE900A31E0C /* ToDoList.xcdatamodeld in Sources */,
				541629B71F197EE900A31E0C /* AppDelegate.swift in Sources */,
			);
			runOnlyForDeploymentPostprocessing = 0;
		};
/* End PBXSourcesBuildPhase section */

/* Begin PBXVariantGroup section */
		541629BA1F197EE900A31E0C /* Main.storyboard */ = {
			isa = PBXVariantGroup;
			children = (
				541629BB1F197EE900A31E0C /* Base */,
			);
			name = Main.storyboard;
			sourceTree = "<group>";
		};
		541629C21F197EE900A31E0C /* LaunchScreen.storyboard */ = {
			isa = PBXVariantGroup;
			children = (
				541629C31F197EE900A31E0C /* Base */,
			);
			name = LaunchScreen.storyboard;
			sourceTree = "<group>";
		};
/* End PBXVariantGroup section */

/* Begin XCBuildConfiguration section */
		541629C61F197EE900A31E0C /* Debug */ = {
			isa = XCBuildConfiguration;
			buildSettings = {
				ALWAYS_SEARCH_USER_PATHS = NO;
				CLANG_ANALYZER_NONNULL = YES;
				CLANG_ANALYZER_NUMBER_OBJECT_CONVERSION = YES_AGGRESSIVE;
				CLANG_CXX_LANGUAGE_STANDARD = "gnu++0x";
				CLANG_CXX_LIBRARY = "libc++";
				CLANG_ENABLE_MODULES = YES;
				CLANG_ENABLE_OBJC_ARC = YES;
				CLANG_WARN_BOOL_CONVERSION = YES;
				CLANG_WARN_CONSTANT_CONVERSION = YES;
				CLANG_WARN_DIRECT_OBJC_ISA_USAGE = YES_ERROR;
				CLANG_WARN_DOCUMENTATION_COMMENTS = YES;
				CLANG_WARN_EMPTY_BODY = YES;
				CLANG_WARN_ENUM_CONVERSION = YES;
				CLANG_WARN_INFINITE_RECURSION = YES;
				CLANG_WARN_INT_CONVERSION = YES;
				CLANG_WARN_OBJC_ROOT_CLASS = YES_ERROR;
				CLANG_WARN_SUSPICIOUS_MOVE = YES;
				CLANG_WARN_UNREACHABLE_CODE = YES;
				CLANG_WARN__DUPLICATE_METHOD_MATCH = YES;
				"CODE_SIGN_IDENTITY[sdk=iphoneos*]" = "iPhone Developer";
				COPY_PHASE_STRIP = NO;
				DEBUG_INFORMATION_FORMAT = dwarf;
				ENABLE_STRICT_OBJC_MSGSEND = YES;
				ENABLE_TESTABILITY = YES;
				GCC_C_LANGUAGE_STANDARD = gnu99;
				GCC_DYNAMIC_NO_PIC = NO;
				GCC_NO_COMMON_BLOCKS = YES;
				GCC_OPTIMIZATION_LEVEL = 0;
				GCC_PREPROCESSOR_DEFINITIONS = (
					"DEBUG=1",
					"$(inherited)",
				);
				GCC_WARN_64_TO_32_BIT_CONVERSION = YES;
				GCC_WARN_ABOUT_RETURN_TYPE = YES_ERROR;
				GCC_WARN_UNDECLARED_SELECTOR = YES;
				GCC_WARN_UNINITIALIZED_AUTOS = YES_AGGRESSIVE;
				GCC_WARN_UNUSED_FUNCTION = YES;
				GCC_WARN_UNUSED_VARIABLE = YES;
				IPHONEOS_DEPLOYMENT_TARGET = 10.3;
				MTL_ENABLE_DEBUG_INFO = YES;
				ONLY_ACTIVE_ARCH = YES;
				SDKROOT = iphoneos;
				SWIFT_ACTIVE_COMPILATION_CONDITIONS = DEBUG;
				SWIFT_OPTIMIZATION_LEVEL = "-Onone";
				TARGETED_DEVICE_FAMILY = "1,2";
			};
			name = Debug;
		};
		541629C71F197EE900A31E0C /* Release */ = {
			isa = XCBuildConfiguration;
			buildSettings = {
				ALWAYS_SEARCH_USER_PATHS = NO;
				CLANG_ANALYZER_NONNULL = YES;
				CLANG_ANALYZER_NUMBER_OBJECT_CONVERSION = YES_AGGRESSIVE;
				CLANG_CXX_LANGUAGE_STANDARD = "gnu++0x";
				CLANG_CXX_LIBRARY = "libc++";
				CLANG_ENABLE_MODULES = YES;
				CLANG_ENABLE_OBJC_ARC = YES;
				CLANG_WARN_BOOL_CONVERSION = YES;
				CLANG_WARN_CONSTANT_CONVERSION = YES;
				CLANG_WARN_DIRECT_OBJC_ISA_USAGE = YES_ERROR;
				CLANG_WARN_DOCUMENTATION_COMMENTS = YES;
				CLANG_WARN_EMPTY_BODY = YES;
				CLANG_WARN_ENUM_CONVERSION = YES;
				CLANG_WARN_INFINITE_RECURSION = YES;
				CLANG_WARN_INT_CONVERSION = YES;
				CLANG_WARN_OBJC_ROOT_CLASS = YES_ERROR;
				CLANG_WARN_SUSPICIOUS_MOVE = YES;
				CLANG_WARN_UNREACHABLE_CODE = YES;
				CLANG_WARN__DUPLICATE_METHOD_MATCH = YES;
				"CODE_SIGN_IDENTITY[sdk=iphoneos*]" = "iPhone Developer";
				COPY_PHASE_STRIP = NO;
				DEBUG_INFORMATION_FORMAT = "dwarf-with-dsym";
				ENABLE_NS_ASSERTIONS = NO;
				ENABLE_STRICT_OBJC_MSGSEND = YES;
				GCC_C_LANGUAGE_STANDARD = gnu99;
				GCC_NO_COMMON_BLOCKS = YES;
				GCC_WARN_64_TO_32_BIT_CONVERSION = YES;
				GCC_WARN_ABOUT_RETURN_TYPE = YES_ERROR;
				GCC_WARN_UNDECLARED_SELECTOR = YES;
				GCC_WARN_UNINITIALIZED_AUTOS = YES_AGGRESSIVE;
				GCC_WARN_UNUSED_FUNCTION = YES;
				GCC_WARN_UNUSED_VARIABLE = YES;
				IPHONEOS_DEPLOYMENT_TARGET = 10.3;
				MTL_ENABLE_DEBUG_INFO = NO;
				SDKROOT = iphoneos;
				SWIFT_OPTIMIZATION_LEVEL = "-Owholemodule";
				TARGETED_DEVICE_FAMILY = "1,2";
				VALIDATE_PRODUCT = YES;
			};
			name = Release;
		};
		541629C91F197EE900A31E0C /* Debug */ = {
			isa = XCBuildConfiguration;
			buildSettings = {
				ASSETCATALOG_COMPILER_APPICON_NAME = AppIcon;
				DEVELOPMENT_TEAM = NT777CYM8D;
				INFOPLIST_FILE = ToDoList/Info.plist;
				LD_RUNPATH_SEARCH_PATHS = "$(inherited) @executable_path/Frameworks";
				PRODUCT_BUNDLE_IDENTIFIER = com.sethrollsout.ToDoList;
				PRODUCT_NAME = "$(TARGET_NAME)";
				SWIFT_VERSION = 3.0;
			};
			name = Debug;
		};
		541629CA1F197EE900A31E0C /* Release */ = {
			isa = XCBuildConfiguration;
			buildSettings = {
				ASSETCATALOG_COMPILER_APPICON_NAME = AppIcon;
				DEVELOPMENT_TEAM = NT777CYM8D;
				INFOPLIST_FILE = ToDoList/Info.plist;
				LD_RUNPATH_SEARCH_PATHS = "$(inherited) @executable_path/Frameworks";
				PRODUCT_BUNDLE_IDENTIFIER = com.sethrollsout.ToDoList;
				PRODUCT_NAME = "$(TARGET_NAME)";
				SWIFT_VERSION = 3.0;
			};
			name = Release;
		};
/* End XCBuildConfiguration section */

/* Begin XCConfigurationList section */
		541629AE1F197EE900A31E0C /* Build configuration list for PBXProject "ToDoList" */ = {
			isa = XCConfigurationList;
			buildConfigurations = (
				541629C61F197EE900A31E0C /* Debug */,
				541629C71F197EE900A31E0C /* Release */,
			);
			defaultConfigurationIsVisible = 0;
			defaultConfigurationName = Release;
		};
		541629C81F197EE900A31E0C /* Build configuration list for PBXNativeTarget "ToDoList" */ = {
			isa = XCConfigurationList;
			buildConfigurations = (
				541629C91F197EE900A31E0C /* Debug */,
				541629CA1F197EE900A31E0C /* Release */,
			);
			defaultConfigurationIsVisible = 0;
		};
/* End XCConfigurationList section */

/* Begin XCVersionGroup section */
		541629BD1F197EE900A31E0C /* ToDoList.xcdatamodeld */ = {
			isa = XCVersionGroup;
			children = (
				541629BE1F197EE900A31E0C /* ToDoList.xcdatamodel */,
			);
			currentVersion = 541629BE1F197EE900A31E0C /* ToDoList.xcdatamodel */;
			path = ToDoList.xcdatamodeld;
			sourceTree = "<group>";
			versionGroupType = wrapper.xcdatamodel;
		};
/* End XCVersionGroup section */
	};
	rootObject = 541629AB1F197EE900A31E0C /* Project object */;
}
